{
  "nodes": {
    "flake-parts": {
      "inputs": {
        "nixpkgs-lib": [
          "neovim-nightly-overlay",
          "nixpkgs"
        ]
      },
      "locked": {
        "lastModified": 1763759067,
        "narHash": "sha256-LlLt2Jo/gMNYAwOgdRQBrsRoOz7BPRkzvNaI/fzXi2Q=",
        "owner": "hercules-ci",
        "repo": "flake-parts",
        "rev": "2cccadc7357c0ba201788ae99c4dfa90728ef5e0",
        "type": "github"
      },
      "original": {
        "owner": "hercules-ci",
        "repo": "flake-parts",
        "type": "github"
      }
    },
    "neovim-nightly-overlay": {
      "inputs": {
        "flake-parts": "flake-parts",
        "neovim-src": "neovim-src",
        "nixpkgs": "nixpkgs"
      },
      "locked": {
        "lastModified": 1765411465,
        "narHash": "sha256-rwrGoscS1AXRsiB100JduKO9ySKEjC8zsSBIDfKi1G8=",
        "owner": "nix-community",
        "repo": "neovim-nightly-overlay",
        "rev": "d47f5957732f763696803b564eb9c608a486014e",
        "type": "github"
      },
      "original": {
        "owner": "nix-community",
        "repo": "neovim-nightly-overlay",
        "type": "github"
      }
    },
    "neovim-src": {
      "flake": false,
      "locked": {
        "lastModified": 1765391613,
        "narHash": "sha256-6tqSpj8b33kSY/0rYEdQRHsICdkZD/AtXSoC0EH/hFY=",
        "owner": "neovim",
        "repo": "neovim",
        "rev": "78bbe53f7615e8b38d5289d9ce0579996109579b",
        "type": "github"
      },
      "original": {
        "owner": "neovim",
        "repo": "neovim",
        "type": "github"
      }
    },
    "nixCats": {
      "locked": {
        "lastModified": 1764009888,
        "narHash": "sha256-hJekfTiW1792txgRSM4LcHnz1lDSY87LYbsJEn2V378=",
        "owner": "BirdeeHub",
        "repo": "nixCats-nvim",
        "rev": "16ac3281f322ea15d39843829e42a44d22da3715",
        "type": "github"
      },
      "original": {
        "owner": "BirdeeHub",
        "repo": "nixCats-nvim",
        "type": "github"
      }
    },
    "nixpkgs": {
      "locked": {
        "lastModified": 1765270179,
        "narHash": "sha256-g2a4MhRKu4ymR4xwo+I+auTknXt/+j37Lnf0Mvfl1rE=",
        "owner": "NixOS",
        "repo": "nixpkgs",
        "rev": "677fbe97984e7af3175b6c121f3c39ee5c8d62c9",
        "type": "github"
      },
      "original": {
        "owner": "NixOS",
        "ref": "nixpkgs-unstable",
        "repo": "nixpkgs",
        "type": "github"
      }
    },
    "nixpkgs_2": {
      "locked": {
        "lastModified": 1765186076,
        "narHash": "sha256-hM20uyap1a0M9d344I692r+ik4gTMyj60cQWO+hAYP8=",
        "owner": "nixos",
        "repo": "nixpkgs",
        "rev": "addf7cf5f383a3101ecfba091b98d0a1263dc9b8",
        "type": "github"
      },
      "original": {
        "owner": "nixos",
        "ref": "nixos-unstable",
        "repo": "nixpkgs",
        "type": "github"
      }
    },
    "plugins-canopy-nvim": {
      "flake": false,
      "locked": {
        "lastModified": 1765440227,
        "narHash": "sha256-Hi2abEgRW4JJJAGX70YmPXZLGx35t5R/KlprmsINO7M=",
        "ref": "refs/heads/main",
        "rev": "6db9883cb8e62fa29ba10d937d6dcb8af9b546c6",
        "revCount": 19,
        "type": "git",
        "url": "https://github.com/shopify-playground/canopy.nvim"
      },
      "original": {
        "type": "git",
        "url": "https://github.com/shopify-playground/canopy.nvim"
      }
    },
    "plugins-ergoterm-nvim": {
      "flake": false,
      "locked": {
        "lastModified": 1764924259,
        "narHash": "sha256-FPKxvQF3qylv5VBYzpK3Ndv5ujjCMSI1rbewdeWMf7c=",
        "owner": "waiting-for-dev",
        "repo": "ergoterm.nvim",
        "rev": "adc2201811b3217c76ca8b44149ff6b0bf7109db",
        "type": "github"
      },
      "original": {
        "owner": "waiting-for-dev",
        "repo": "ergoterm.nvim",
        "type": "github"
      }
    },
    "plugins-lualine-nvim": {
      "flake": false,
      "locked": {
        "lastModified": 1765139801,
        "narHash": "sha256-yWlWMD2bMq34UxOp2iDwBnG0d3uW2hJ4VS7N34MuSqg=",
        "owner": "dwillett",
        "repo": "lualine.nvim",
        "rev": "a6346183c6aed9a3904c2baadb09cdd30b040f5b",
        "type": "github"
      },
      "original": {
        "owner": "dwillett",
        "ref": "git-branch-reftable-support",
        "repo": "lualine.nvim",
        "type": "github"
      }
    },
    "plugins-neotest-ruby-minitest": {
      "flake": false,
      "locked": {
        "lastModified": 1764623121,
        "narHash": "sha256-pOGC11On5vzflX4KujZd51ha33bR2uYlkE8Lm+JUcU8=",
        "owner": "dwillett",
        "repo": "neotest-ruby-minitest",
        "rev": "03f0501995aa72af24e088bb92580bbe69ba960b",
        "type": "github"
      },
      "original": {
        "owner": "dwillett",
        "repo": "neotest-ruby-minitest",
        "type": "github"
      }
    },
    "plugins-nvim-dap-ruby": {
      "flake": false,
      "locked": {
        "lastModified": 1752006624,
        "narHash": "sha256-57BBhdrikDEswZe2QW+jHMSgfXIjauc6iDNpWS0YUaU=",
        "owner": "suketa",
        "repo": "nvim-dap-ruby",
        "rev": "ba36f9905ca9c6d89e5af5467a52fceeb2bbbf6d",
        "type": "github"
      },
      "original": {
        "owner": "suketa",
        "repo": "nvim-dap-ruby",
        "type": "github"
      }
    },
    "plugins-shadowenv-vim": {
      "flake": false,
      "locked": {
        "lastModified": 1747154144,
        "narHash": "sha256-TtOjRYK0MQMQx7F3a63inqnX+4zje8k6eTPacNO0UmE=",
        "ref": "refs/heads/main",
        "rev": "9c5a1da244ea869cff71075fba028904c6fc8f17",
        "revCount": 8,
        "type": "git",
        "url": "https://github.com/Shopify/shadowenv.vim"
      },
      "original": {
        "type": "git",
        "url": "https://github.com/Shopify/shadowenv.vim"
      }
    },
    "root": {
      "inputs": {
        "neovim-nightly-overlay": "neovim-nightly-overlay",
        "nixCats": "nixCats",
        "nixpkgs": "nixpkgs_2",
        "plugins-canopy-nvim": "plugins-canopy-nvim",
        "plugins-ergoterm-nvim": "plugins-ergoterm-nvim",
        "plugins-lualine-nvim": "plugins-lualine-nvim",
        "plugins-neotest-ruby-minitest": "plugins-neotest-ruby-minitest",
        "plugins-nvim-dap-ruby": "plugins-nvim-dap-ruby",
        "plugins-shadowenv-vim": "plugins-shadowenv-vim"
      }
    }
  },
  "root": "root",
  "version": 7
}
